// !$*UTF8*$!
{
	archiveVersion = 1;
	classes = {
	};
	objectVersion = 50;
	objects = {

/* Begin PBXBuildFile section */
		062024DC25A0FFE30003387A /* CreatChannelTableViewCell.swift in Sources */ = {isa = PBXBuildFile; fileRef = 062024DA25A0FFE30003387A /* CreatChannelTableViewCell.swift */; };
		062024DD25A0FFE30003387A /* CreatChannelTableViewCell.xib in Resources */ = {isa = PBXBuildFile; fileRef = 062024DB25A0FFE30003387A /* CreatChannelTableViewCell.xib */; };
		06309EFB25A09F2600F783BF /* AppDelegate.swift in Sources */ = {isa = PBXBuildFile; fileRef = 06309EFA25A09F2600F783BF /* AppDelegate.swift */; };
		06309EFD25A09F2600F783BF /* SceneDelegate.swift in Sources */ = {isa = PBXBuildFile; fileRef = 06309EFC25A09F2600F783BF /* SceneDelegate.swift */; };
		06309EFF25A09F2600F783BF /* ViewController.swift in Sources */ = {isa = PBXBuildFile; fileRef = 06309EFE25A09F2600F783BF /* ViewController.swift */; };
		06309F0225A09F2600F783BF /* Main.storyboard in Resources */ = {isa = PBXBuildFile; fileRef = 06309F0025A09F2600F783BF /* Main.storyboard */; };
		06309F0425A09F2800F783BF /* Assets.xcassets in Resources */ = {isa = PBXBuildFile; fileRef = 06309F0325A09F2800F783BF /* Assets.xcassets */; };
		06309F0725A09F2800F783BF /* LaunchScreen.storyboard in Resources */ = {isa = PBXBuildFile; fileRef = 06309F0525A09F2800F783BF /* LaunchScreen.storyboard */; };
		06309F1025A0A85300F783BF /* TitleTableViewCell.swift in Sources */ = {isa = PBXBuildFile; fileRef = 06309F0E25A0A85300F783BF /* TitleTableViewCell.swift */; };
		06309F1125A0A85300F783BF /* TitleTableViewCell.xib in Resources */ = {isa = PBXBuildFile; fileRef = 06309F0F25A0A85300F783BF /* TitleTableViewCell.xib */; };
		06309F1425A0A89300F783BF /* RelatedtoTableViewCell.swift in Sources */ = {isa = PBXBuildFile; fileRef = 06309F1225A0A89300F783BF /* RelatedtoTableViewCell.swift */; };
		06309F1525A0A89300F783BF /* RelatedtoTableViewCell.xib in Resources */ = {isa = PBXBuildFile; fileRef = 06309F1325A0A89300F783BF /* RelatedtoTableViewCell.xib */; };
		06309F1825A0A8B700F783BF /* ParticipantsTableViewCell.swift in Sources */ = {isa = PBXBuildFile; fileRef = 06309F1625A0A8B700F783BF /* ParticipantsTableViewCell.swift */; };
		06309F1925A0A8B700F783BF /* ParticipantsTableViewCell.xib in Resources */ = {isa = PBXBuildFile; fileRef = 06309F1725A0A8B700F783BF /* ParticipantsTableViewCell.xib */; };
		06309F1C25A0A8D000F783BF /* CommunicationsTableViewCell.swift in Sources */ = {isa = PBXBuildFile; fileRef = 06309F1A25A0A8D000F783BF /* CommunicationsTableViewCell.swift */; };
		06309F1D25A0A8D000F783BF /* CommunicationsTableViewCell.xib in Resources */ = {isa = PBXBuildFile; fileRef = 06309F1B25A0A8D000F783BF /* CommunicationsTableViewCell.xib */; };
		06309F2025A0A8EC00F783BF /* GeneralTableViewCell.swift in Sources */ = {isa = PBXBuildFile; fileRef = 06309F1E25A0A8EC00F783BF /* GeneralTableViewCell.swift */; };
		06309F2125A0A8EC00F783BF /* GeneralTableViewCell.xib in Resources */ = {isa = PBXBuildFile; fileRef = 06309F1F25A0A8EC00F783BF /* GeneralTableViewCell.xib */; };
/* End PBXBuildFile section */

/* Begin PBXFileReference section */
		062024DA25A0FFE30003387A /* CreatChannelTableViewCell.swift */ = {isa = PBXFileReference; lastKnownFileType = sourcecode.swift; path = CreatChannelTableViewCell.swift; sourceTree = "<group>"; };
		062024DB25A0FFE30003387A /* CreatChannelTableViewCell.xib */ = {isa = PBXFileReference; lastKnownFileType = file.xib; path = CreatChannelTableViewCell.xib; sourceTree = "<group>"; };
		06309EF725A09F2600F783BF /* RichReachTask.app */ = {isa = PBXFileReference; explicitFileType = wrapper.application; includeInIndex = 0; path = RichReachTask.app; sourceTree = BUILT_PRODUCTS_DIR; };
		06309EFA25A09F2600F783BF /* AppDelegate.swift */ = {isa = PBXFileReference; lastKnownFileType = sourcecode.swift; path = AppDelegate.swift; sourceTree = "<group>"; };
		06309EFC25A09F2600F783BF /* SceneDelegate.swift */ = {isa = PBXFileReference; lastKnownFileType = sourcecode.swift; path = SceneDelegate.swift; sourceTree = "<group>"; };
		06309EFE25A09F2600F783BF /* ViewController.swift */ = {isa = PBXFileReference; lastKnownFileType = sourcecode.swift; path = ViewController.swift; sourceTree = "<group>"; };
		06309F0125A09F2600F783BF /* Base */ = {isa = PBXFileReference; lastKnownFileType = file.storyboard; name = Base; path = Base.lproj/Main.storyboard; sourceTree = "<group>"; };
		06309F0325A09F2800F783BF /* Assets.xcassets */ = {isa = PBXFileReference; lastKnownFileType = folder.assetcatalog; path = Assets.xcassets; sourceTree = "<group>"; };
		06309F0625A09F2800F783BF /* Base */ = {isa = PBXFileReference; lastKnownFileType = file.storyboard; name = Base; path = Base.lproj/LaunchScreen.storyboard; sourceTree = "<group>"; };
		06309F0825A09F2800F783BF /* Info.plist */ = {isa = PBXFileReference; lastKnownFileType = text.plist.xml; path = Info.plist; sourceTree = "<group>"; };
		06309F0E25A0A85300F783BF /* TitleTableViewCell.swift */ = {isa = PBXFileReference; lastKnownFileType = sourcecode.swift; path = TitleTableViewCell.swift; sourceTree = "<group>"; };
		06309F0F25A0A85300F783BF /* TitleTableViewCell.xib */ = {isa = PBXFileReference; lastKnownFileType = file.xib; path = TitleTableViewCell.xib; sourceTree = "<group>"; };
		06309F1225A0A89300F783BF /* RelatedtoTableViewCell.swift */ = {isa = PBXFileReference; lastKnownFileType = sourcecode.swift; path = RelatedtoTableViewCell.swift; sourceTree = "<group>"; };
		06309F1325A0A89300F783BF /* RelatedtoTableViewCell.xib */ = {isa = PBXFileReference; lastKnownFileType = file.xib; path = RelatedtoTableViewCell.xib; sourceTree = "<group>"; };
		06309F1625A0A8B700F783BF /* ParticipantsTableViewCell.swift */ = {isa = PBXFileReference; lastKnownFileType = sourcecode.swift; path = ParticipantsTableViewCell.swift; sourceTree = "<group>"; };
		06309F1725A0A8B700F783BF /* ParticipantsTableViewCell.xib */ = {isa = PBXFileReference; lastKnownFileType = file.xib; path = ParticipantsTableViewCell.xib; sourceTree = "<group>"; };
		06309F1A25A0A8D000F783BF /* CommunicationsTableViewCell.swift */ = {isa = PBXFileReference; lastKnownFileType = sourcecode.swift; path = CommunicationsTableViewCell.swift; sourceTree = "<group>"; };
		06309F1B25A0A8D000F783BF /* CommunicationsTableViewCell.xib */ = {isa = PBXFileReference; lastKnownFileType = file.xib; path = CommunicationsTableViewCell.xib; sourceTree = "<group>"; };
		06309F1E25A0A8EC00F783BF /* GeneralTableViewCell.swift */ = {isa = PBXFileReference; lastKnownFileType = sourcecode.swift; path = GeneralTableViewCell.swift; sourceTree = "<group>"; };
		06309F1F25A0A8EC00F783BF /* GeneralTableViewCell.xib */ = {isa = PBXFileReference; lastKnownFileType = file.xib; path = GeneralTableViewCell.xib; sourceTree = "<group>"; };
/* End PBXFileReference section */

/* Begin PBXFrameworksBuildPhase section */
		06309EF425A09F2600F783BF /* Frameworks */ = {
			isa = PBXFrameworksBuildPhase;
			buildActionMask = 2147483647;
			files = (
			);
			runOnlyForDeploymentPostprocessing = 0;
		};
/* End PBXFrameworksBuildPhase section */

/* Begin PBXGroup section */
		06219FEB25A2672900C495D6 /* Controller */ = {
			isa = PBXGroup;
			children = (
				06309EFE25A09F2600F783BF /* ViewController.swift */,
				06309F2225A0A91400F783BF /* TableViewCells */,
			);
			path = Controller;
			sourceTree = "<group>";
		};
		06219FEC25A2675C00C495D6 /* View */ = {
			isa = PBXGroup;
			children = (
				06309F0525A09F2800F783BF /* LaunchScreen.storyboard */,
				06309F0025A09F2600F783BF /* Main.storyboard */,
			);
			path = View;
			sourceTree = "<group>";
		};
		06219FED25A2679300C495D6 /* Modal */ = {
			isa = PBXGroup;
			children = (
			);
			path = Modal;
			sourceTree = "<group>";
		};
		06309EEE25A09F2600F783BF = {
			isa = PBXGroup;
			children = (
				06309EF925A09F2600F783BF /* RichReachTask */,
				06309EF825A09F2600F783BF /* Products */,
			);
			sourceTree = "<group>";
		};
		06309EF825A09F2600F783BF /* Products */ = {
			isa = PBXGroup;
			children = (
				06309EF725A09F2600F783BF /* RichReachTask.app */,
			);
			name = Products;
			sourceTree = "<group>";
		};
		06309EF925A09F2600F783BF /* RichReachTask */ = {
			isa = PBXGroup;
			children = (
				06309EFA25A09F2600F783BF /* AppDelegate.swift */,
				06309EFC25A09F2600F783BF /* SceneDelegate.swift */,
				06219FED25A2679300C495D6 /* Modal */,
				06219FEC25A2675C00C495D6 /* View */,
				06219FEB25A2672900C495D6 /* Controller */,
				06309F0325A09F2800F783BF /* Assets.xcassets */,
				06309F0825A09F2800F783BF /* Info.plist */,
			);
			path = RichReachTask;
			sourceTree = "<group>";
		};
		06309F2225A0A91400F783BF /* TableViewCells */ = {
			isa = PBXGroup;
			children = (
				062024DA25A0FFE30003387A /* CreatChannelTableViewCell.swift */,
				062024DB25A0FFE30003387A /* CreatChannelTableViewCell.xib */,
				06309F1E25A0A8EC00F783BF /* GeneralTableViewCell.swift */,
				06309F1F25A0A8EC00F783BF /* GeneralTableViewCell.xib */,
				06309F1A25A0A8D000F783BF /* CommunicationsTableViewCell.swift */,
				06309F1B25A0A8D000F783BF /* CommunicationsTableViewCell.xib */,
				06309F1625A0A8B700F783BF /* ParticipantsTableViewCell.swift */,
				06309F1725A0A8B700F783BF /* ParticipantsTableViewCell.xib */,
				06309F1225A0A89300F783BF /* RelatedtoTableViewCell.swift */,
				06309F1325A0A89300F783BF /* RelatedtoTableViewCell.xib */,
				06309F0E25A0A85300F783BF /* TitleTableViewCell.swift */,
				06309F0F25A0A85300F783BF /* TitleTableViewCell.xib */,
			);
			path = TableViewCells;
			sourceTree = "<group>";
		};
/* End PBXGroup section */

/* Begin PBXNativeTarget section */
		06309EF625A09F2600F783BF /* RichReachTask */ = {
			isa = PBXNativeTarget;
			buildConfigurationList = 06309F0B25A09F2800F783BF /* Build configuration list for PBXNativeTarget "RichReachTask" */;
			buildPhases = (
				06309EF325A09F2600F783BF /* Sources */,
				06309EF425A09F2600F783BF /* Frameworks */,
				06309EF525A09F2600F783BF /* Resources */,
			);
			buildRules = (
			);
			dependencies = (
			);
			name = RichReachTask;
			productName = RichReachTask;
			productReference = 06309EF725A09F2600F783BF /* RichReachTask.app */;
			productType = "com.apple.product-type.application";
		};
/* End PBXNativeTarget section */

/* Begin PBXProject section */
		06309EEF25A09F2600F783BF /* Project object */ = {
			isa = PBXProject;
			attributes = {
				LastSwiftUpdateCheck = 1140;
				LastUpgradeCheck = 1140;
				ORGANIZATIONNAME = Mallikarjuna;
				TargetAttributes = {
					06309EF625A09F2600F783BF = {
						CreatedOnToolsVersion = 11.4.1;
					};
				};
			};
			buildConfigurationList = 06309EF225A09F2600F783BF /* Build configuration list for PBXProject "RichReachTask" */;
			compatibilityVersion = "Xcode 9.3";
			developmentRegion = en;
			hasScannedForEncodings = 0;
			knownRegions = (
				en,
				Base,
			);
			mainGroup = 06309EEE25A09F2600F783BF;
			productRefGroup = 06309EF825A09F2600F783BF /* Products */;
			projectDirPath = "";
			projectRoot = "";
			targets = (
				06309EF625A09F2600F783BF /* RichReachTask */,
			);
		};
/* End PBXProject section */

/* Begin PBXResourcesBuildPhase section */
		06309EF525A09F2600F783BF /* Resources */ = {
			isa = PBXResourcesBuildPhase;
			buildActionMask = 2147483647;
			files = (
				06309F1525A0A89300F783BF /* RelatedtoTableViewCell.xib in Resources */,
				06309F1D25A0A8D000F783BF /* CommunicationsTableViewCell.xib in Resources */,
				06309F2125A0A8EC00F783BF /* GeneralTableViewCell.xib in Resources */,
				06309F1125A0A85300F783BF /* TitleTableViewCell.xib in Resources */,
				06309F0725A09F2800F783BF /* LaunchScreen.storyboard in Resources */,
				062024DD25A0FFE30003387A /* CreatChannelTableViewCell.xib in Resources */,
				06309F1925A0A8B700F783BF /* ParticipantsTableViewCell.xib in Resources */,
				06309F0425A09F2800F783BF /* Assets.xcassets in Resources */,
				06309F0225A09F2600F783BF /* Main.storyboard in Resources */,
			);
			runOnlyForDeploymentPostprocessing = 0;
		};
/* End PBXResourcesBuildPhase section */

/* Begin PBXSourcesBuildPhase section */
		06309EF325A09F2600F783BF /* Sources */ = {
			isa = PBXSourcesBuildPhase;
			buildActionMask = 2147483647;
			files = (
				06309F1025A0A85300F783BF /* TitleTableViewCell.swift in Sources */,
				06309F1825A0A8B700F783BF /* ParticipantsTableViewCell.swift in Sources */,
				06309EFF25A09F2600F783BF /* ViewController.swift in Sources */,
				06309EFB25A09F2600F783BF /* AppDelegate.swift in Sources */,
				06309F1425A0A89300F783BF /* RelatedtoTableViewCell.swift in Sources */,
				062024DC25A0FFE30003387A /* CreatChannelTableViewCell.swift in Sources */,
				06309EFD25A09F2600F783BF /* SceneDelegate.swift in Sources */,
				06309F2025A0A8EC00F783BF /* GeneralTableViewCell.swift in Sources */,
				06309F1C25A0A8D000F783BF /* CommunicationsTableViewCell.swift in Sources */,
			);
			runOnlyForDeploymentPostprocessing = 0;
		};
/* End PBXSourcesBuildPhase section */

/* Begin PBXVariantGroup section */
		06309F0025A09F2600F783BF /* Main.storyboard */ = {
			isa = PBXVariantGroup;
			children = (
				06309F0125A09F2600F783BF /* Base */,
			);
			name = Main.storyboard;
			sourceTree = "<group>";
		};
		06309F0525A09F2800F783BF /* LaunchScreen.storyboard */ = {
			isa = PBXVariantGroup;
			children = (
				06309F0625A09F2800F783BF /* Base */,
			);
			name = LaunchScreen.storyboard;
			sourceTree = "<group>";
		};
/* End PBXVariantGroup section */

/* Begin XCBuildConfiguration section */
		06309F0925A09F2800F783BF /* Debug */ = {
			isa = XCBuildConfiguration;
			buildSettings = {
				ALWAYS_SEARCH_USER_PATHS = NO;
				CLANG_ANALYZER_NONNULL = YES;
				CLANG_ANALYZER_NUMBER_OBJECT_CONVERSION = YES_AGGRESSIVE;
				CLANG_CXX_LANGUAGE_STANDARD = "gnu++14";
				CLANG_CXX_LIBRARY = "libc++";
				CLANG_ENABLE_MODULES = YES;
				CLANG_ENABLE_OBJC_ARC = YES;
				CLANG_ENABLE_OBJC_WEAK = YES;
				CLANG_WARN_BLOCK_CAPTURE_AUTORELEASING = YES;
				CLANG_WARN_BOOL_CONVERSION = YES;
				CLANG_WARN_COMMA = YES;
				CLANG_WARN_CONSTANT_CONVERSION = YES;
				CLANG_WARN_DEPRECATED_OBJC_IMPLEMENTATIONS = YES;
				CLANG_WARN_DIRECT_OBJC_ISA_USAGE = YES_ERROR;
				CLANG_WARN_DOCUMENTATION_COMMENTS = YES;
				CLANG_WARN_EMPTY_BODY = YES;
				CLANG_WARN_ENUM_CONVERSION = YES;
				CLANG_WARN_INFINITE_RECURSION = YES;
				CLANG_WARN_INT_CONVERSION = YES;
				CLANG_WARN_NON_LITERAL_NULL_CONVERSION = YES;
				CLANG_WARN_OBJC_IMPLICIT_RETAIN_SELF = YES;
				CLANG_WARN_OBJC_LITERAL_CONVERSION = YES;
				CLANG_WARN_OBJC_ROOT_CLASS = YES_ERROR;
				CLANG_WARN_RANGE_LOOP_ANALYSIS = YES;
				CLANG_WARN_STRICT_PROTOTYPES = YES;
				CLANG_WARN_SUSPICIOUS_MOVE = YES;
				CLANG_WARN_UNGUARDED_AVAILABILITY = YES_AGGRESSIVE;
				CLANG_WARN_UNREACHABLE_CODE = YES;
				CLANG_WARN__DUPLICATE_METHOD_MATCH = YES;
				COPY_PHASE_STRIP = NO;
				DEBUG_INFORMATION_FORMAT = dwarf;
				ENABLE_STRICT_OBJC_MSGSEND = YES;
				ENABLE_TESTABILITY = YES;
				GCC_C_LANGUAGE_STANDARD = gnu11;
				GCC_DYNAMIC_NO_PIC = NO;
				GCC_NO_COMMON_BLOCKS = YES;
				GCC_OPTIMIZATION_LEVEL = 0;
				GCC_PREPROCESSOR_DEFINITIONS = (
					"DEBUG=1",
					"$(inherited)",
				);
				GCC_WARN_64_TO_32_BIT_CONVERSION = YES;
				GCC_WARN_ABOUT_RETURN_TYPE = YES_ERROR;
				GCC_WARN_UNDECLARED_SELECTOR = YES;
				GCC_WARN_UNINITIALIZED_AUTOS = YES_AGGRESSIVE;
				GCC_WARN_UNUSED_FUNCTION = YES;
				GCC_WARN_UNUSED_VARIABLE = YES;
				IPHONEOS_DEPLOYMENT_TARGET = 13.4;
				MTL_ENABLE_DEBUG_INFO = INCLUDE_SOURCE;
				MTL_FAST_MATH = YES;
				ONLY_ACTIVE_ARCH = YES;
				SDKROOT = iphoneos;
				SWIFT_ACTIVE_COMPILATION_CONDITIONS = DEBUG;
				SWIFT_OPTIMIZATION_LEVEL = "-Onone";
			};
			name = Debug;
		};
		06309F0A25A09F2800F783BF /* Release */ = {
			isa = XCBuildConfiguration;
			buildSettings = {
				ALWAYS_SEARCH_USER_PATHS = NO;
				CLANG_ANALYZER_NONNULL = YES;
				CLANG_ANALYZER_NUMBER_OBJECT_CONVERSION = YES_AGGRESSIVE;
				CLANG_CXX_LANGUAGE_STANDARD = "gnu++14";
				CLANG_CXX_LIBRARY = "libc++";
				CLANG_ENABLE_MODULES = YES;
				CLANG_ENABLE_OBJC_ARC = YES;
				CLANG_ENABLE_OBJC_WEAK = YES;
				CLANG_WARN_BLOCK_CAPTURE_AUTORELEASING = YES;
				CLANG_WARN_BOOL_CONVERSION = YES;
				CLANG_WARN_COMMA = YES;
				CLANG_WARN_CONSTANT_CONVERSION = YES;
				CLANG_WARN_DEPRECATED_OBJC_IMPLEMENTATIONS = YES;
				CLANG_WARN_DIRECT_OBJC_ISA_USAGE = YES_ERROR;
				CLANG_WARN_DOCUMENTATION_COMMENTS = YES;
				CLANG_WARN_EMPTY_BODY = YES;
				CLANG_WARN_ENUM_CONVERSION = YES;
				CLANG_WARN_INFINITE_RECURSION = YES;
				CLANG_WARN_INT_CONVERSION = YES;
				CLANG_WARN_NON_LITERAL_NULL_CONVERSION = YES;
				CLANG_WARN_OBJC_IMPLICIT_RETAIN_SELF = YES;
				CLANG_WARN_OBJC_LITERAL_CONVERSION = YES;
				CLANG_WARN_OBJC_ROOT_CLASS = YES_ERROR;
				CLANG_WARN_RANGE_LOOP_ANALYSIS = YES;
				CLANG_WARN_STRICT_PROTOTYPES = YES;
				CLANG_WARN_SUSPICIOUS_MOVE = YES;
				CLANG_WARN_UNGUARDED_AVAILABILITY = YES_AGGRESSIVE;
				CLANG_WARN_UNREACHABLE_CODE = YES;
				CLANG_WARN__DUPLICATE_METHOD_MATCH = YES;
				COPY_PHASE_STRIP = NO;
				DEBUG_INFORMATION_FORMAT = "dwarf-with-dsym";
				ENABLE_NS_ASSERTIONS = NO;
				ENABLE_STRICT_OBJC_MSGSEND = YES;
				GCC_C_LANGUAGE_STANDARD = gnu11;
				GCC_NO_COMMON_BLOCKS = YES;
				GCC_WARN_64_TO_32_BIT_CONVERSION = YES;
				GCC_WARN_ABOUT_RETURN_TYPE = YES_ERROR;
				GCC_WARN_UNDECLARED_SELECTOR = YES;
				GCC_WARN_UNINITIALIZED_AUTOS = YES_AGGRESSIVE;
				GCC_WARN_UNUSED_FUNCTION = YES;
				GCC_WARN_UNUSED_VARIABLE = YES;
				IPHONEOS_DEPLOYMENT_TARGET = 13.4;
				MTL_ENABLE_DEBUG_INFO = NO;
				MTL_FAST_MATH = YES;
				SDKROOT = iphoneos;
				SWIFT_COMPILATION_MODE = wholemodule;
				SWIFT_OPTIMIZATION_LEVEL = "-O";
				VALIDATE_PRODUCT = YES;
			};
			name = Release;
		};
		06309F0C25A09F2800F783BF /* Debug */ = {
			isa = XCBuildConfiguration;
			buildSettings = {
				ASSETCATALOG_COMPILER_APPICON_NAME = AppIcon;
				CODE_SIGN_STYLE = Automatic;
				INFOPLIST_FILE = RichReachTask/Info.plist;
				LD_RUNPATH_SEARCH_PATHS = (
					"$(inherited)",
					"@executable_path/Frameworks",
				);
				PRODUCT_BUNDLE_IDENTIFIER = mallikarjuna.RichReachTask;
				PRODUCT_NAME = "$(TARGET_NAME)";
				SWIFT_VERSION = 5.0;
				TARGETED_DEVICE_FAMILY = "1,2";
			};
			name = Debug;
		};
		06309F0D25A09F2800F783BF /* Release */ = {
			isa = XCBuildConfiguration;
			buildSettings = {
				ASSETCATALOG_COMPILER_APPICON_NAME = AppIcon;
				CODE_SIGN_STYLE = Automatic;
				INFOPLIST_FILE = RichReachTask/Info.plist;
				LD_RUNPATH_SEARCH_PATHS = (
					"$(inherited)",
					"@executable_path/Frameworks",
				);
				PRODUCT_BUNDLE_IDENTIFIER = mallikarjuna.RichReachTask;
				PRODUCT_NAME = "$(TARGET_NAME)";
				SWIFT_VERSION = 5.0;
				TARGETED_DEVICE_FAMILY = "1,2";
			};
			name = Release;
		};
/* End XCBuildConfiguration section */

/* Begin XCConfigurationList section */
		06309EF225A09F2600F783BF /* Build configuration list for PBXProject "RichReachTask" */ = {
			isa = XCConfigurationList;
			buildConfigurations = (
				06309F0925A09F2800F783BF /* Debug */,
				06309F0A25A09F2800F783BF /* Release */,
			);
			defaultConfigurationIsVisible = 0;
			defaultConfigurationName = Release;
		};
		06309F0B25A09F2800F783BF /* Build configuration list for PBXNativeTarget "RichReachTask" */ = {
			isa = XCConfigurationList;
			buildConfigurations = (
				06309F0C25A09F2800F783BF /* Debug */,
				06309F0D25A09F2800F783BF /* Release */,
			);
			defaultConfigurationIsVisible = 0;
			defaultConfigurationName = Release;
		};
/* End XCConfigurationList section */
	};
	rootObject = 06309EEF25A09F2600F783BF /* Project object */;
}
